
Microsoft Visual Studio Solution File, Format Version 12.00
# Visual Studio Version 17
VisualStudioVersion = 17.0.31919.166
MinimumVisualStudioVersion = 10.0.40219.1
Project("{8BC9CEB8-8B4A-11D0-8D11-00A0C91BC942}") = "Launcher", "DistroLauncher\DistroLauncher.vcxproj", "{BA627106-E5F7-46EE-B8D7-2D5A760F2FB2}"
EndProject
Project("{C7167F0D-BC9F-4E6E-AFE1-012C56B48DB5}") = "Fedora-Remix-for-WSL", "Fedora-Remix-for-WSL\Fedora-Remix-for-WSL.wapproj", "{0EE95C29-298E-48CD-B8D0-25F3250A161B}"
EndProject
Project("{C7167F0D-BC9F-4E6E-AFE1-012C56B48DB5}") = "Fedora-Remix-for-WSL-SL", "Fedora-Remix-for-WSL-SL\Fedora-Remix-for-WSL-SL.wapproj", "{ACCA81F1-6810-492B-8B09-2FCCE5E4C91A}"
EndProject
Project("{8BC9CEB8-8B4A-11D0-8D11-00A0C91BC942}") = "FedoraRemixWSLUI", "FedoraRemixWSLUI\FedoraRemixWSLUI.vcxproj", "{7BFCBECF-3DA8-442F-B43C-E7A349D490D6}"
EndProject
Global
	GlobalSection(SolutionConfigurationPlatforms) = preSolution
		Debug|Any CPU = Debug|Any CPU
		Debug|ARM = Debug|ARM
		Debug|ARM64 = Debug|ARM64
		Debug|x64 = Debug|x64
		Debug|x86 = Debug|x86
		Release|Any CPU = Release|Any CPU
		Release|ARM = Release|ARM
		Release|ARM64 = Release|ARM64
		Release|x64 = Release|x64
		Release|x86 = Release|x86
	EndGlobalSection
	GlobalSection(ProjectConfigurationPlatforms) = postSolution
		{BA627106-E5F7-46EE-B8D7-2D5A760F2FB2}.Debug|Any CPU.ActiveCfg = Debug|x64
		{BA627106-E5F7-46EE-B8D7-2D5A760F2FB2}.Debug|ARM.ActiveCfg = Debug|x64
		{BA627106-E5F7-46EE-B8D7-2D5A760F2FB2}.Debug|ARM64.ActiveCfg = Debug|ARM64
		{BA627106-E5F7-46EE-B8D7-2D5A760F2FB2}.Debug|x64.ActiveCfg = Debug|x64
		{BA627106-E5F7-46EE-B8D7-2D5A760F2FB2}.Debug|x64.Build.0 = Debug|x64
		{BA627106-E5F7-46EE-B8D7-2D5A760F2FB2}.Debug|x86.ActiveCfg = Debug|x64
		{BA627106-E5F7-46EE-B8D7-2D5A760F2FB2}.Release|Any CPU.ActiveCfg = Release|x64
		{BA627106-E5F7-46EE-B8D7-2D5A760F2FB2}.Release|ARM.ActiveCfg = Release|x64
		{BA627106-E5F7-46EE-B8D7-2D5A760F2FB2}.Release|ARM64.ActiveCfg = Release|ARM64
		{BA627106-E5F7-46EE-B8D7-2D5A760F2FB2}.Release|ARM64.Build.0 = Release|ARM64
		{BA627106-E5F7-46EE-B8D7-2D5A760F2FB2}.Release|x64.ActiveCfg = Release|x64
		{BA627106-E5F7-46EE-B8D7-2D5A760F2FB2}.Release|x64.Build.0 = Release|x64
		{BA627106-E5F7-46EE-B8D7-2D5A760F2FB2}.Release|x86.ActiveCfg = Release|x64
		{0EE95C29-298E-48CD-B8D0-25F3250A161B}.Debug|Any CPU.ActiveCfg = Debug|Any CPU
		{0EE95C29-298E-48CD-B8D0-25F3250A161B}.Debug|ARM.ActiveCfg = Debug|ARM
		{0EE95C29-298E-48CD-B8D0-25F3250A161B}.Debug|ARM64.ActiveCfg = Debug|ARM64
		{0EE95C29-298E-48CD-B8D0-25F3250A161B}.Debug|x64.ActiveCfg = Debug|x64
		{0EE95C29-298E-48CD-B8D0-25F3250A161B}.Debug|x64.Build.0 = Debug|x64
		{0EE95C29-298E-48CD-B8D0-25F3250A161B}.Debug|x64.Deploy.0 = Debug|x64
		{0EE95C29-298E-48CD-B8D0-25F3250A161B}.Debug|x86.ActiveCfg = Debug|x86
		{0EE95C29-298E-48CD-B8D0-25F3250A161B}.Release|Any CPU.ActiveCfg = Release|Any CPU
		{0EE95C29-298E-48CD-B8D0-25F3250A161B}.Release|ARM.ActiveCfg = Release|ARM
		{0EE95C29-298E-48CD-B8D0-25F3250A161B}.Release|ARM64.ActiveCfg = Release|ARM64
		{0EE95C29-298E-48CD-B8D0-25F3250A161B}.Release|ARM64.Build.0 = Release|ARM64
		{0EE95C29-298E-48CD-B8D0-25F3250A161B}.Release|ARM64.Deploy.0 = Release|ARM64
		{0EE95C29-298E-48CD-B8D0-25F3250A161B}.Release|x64.ActiveCfg = Release|x64
		{0EE95C29-298E-48CD-B8D0-25F3250A161B}.Release|x64.Build.0 = Release|x64
		{0EE95C29-298E-48CD-B8D0-25F3250A161B}.Release|x64.Deploy.0 = Release|x64
		{0EE95C29-298E-48CD-B8D0-25F3250A161B}.Release|x86.ActiveCfg = Release|x86
		{ACCA81F1-6810-492B-8B09-2FCCE5E4C91A}.Debug|Any CPU.ActiveCfg = Debug|Any CPU
		{ACCA81F1-6810-492B-8B09-2FCCE5E4C91A}.Debug|ARM.ActiveCfg = Debug|ARM
		{ACCA81F1-6810-492B-8B09-2FCCE5E4C91A}.Debug|ARM64.ActiveCfg = Debug|ARM64
		{ACCA81F1-6810-492B-8B09-2FCCE5E4C91A}.Debug|ARM64.Deploy.0 = Debug|ARM64
		{ACCA81F1-6810-492B-8B09-2FCCE5E4C91A}.Debug|x64.ActiveCfg = Debug|x64
		{ACCA81F1-6810-492B-8B09-2FCCE5E4C91A}.Debug|x64.Build.0 = Debug|x64
		{ACCA81F1-6810-492B-8B09-2FCCE5E4C91A}.Debug|x64.Deploy.0 = Debug|x64
		{ACCA81F1-6810-492B-8B09-2FCCE5E4C91A}.Debug|x86.ActiveCfg = Debug|x86
		{ACCA81F1-6810-492B-8B09-2FCCE5E4C91A}.Release|Any CPU.ActiveCfg = Release|Any CPU
		{ACCA81F1-6810-492B-8B09-2FCCE5E4C91A}.Release|ARM.ActiveCfg = Release|ARM
		{ACCA81F1-6810-492B-8B09-2FCCE5E4C91A}.Release|ARM64.ActiveCfg = Release|ARM64
		{ACCA81F1-6810-492B-8B09-2FCCE5E4C91A}.Release|ARM64.Build.0 = Release|ARM64
		{ACCA81F1-6810-492B-8B09-2FCCE5E4C91A}.Release|ARM64.Deploy.0 = Release|ARM64
		{ACCA81F1-6810-492B-8B09-2FCCE5E4C91A}.Release|x64.ActiveCfg = Release|x64
		{ACCA81F1-6810-492B-8B09-2FCCE5E4C91A}.Release|x64.Build.0 = Release|x64
		{ACCA81F1-6810-492B-8B09-2FCCE5E4C91A}.Release|x64.Deploy.0 = Release|x64
		{ACCA81F1-6810-492B-8B09-2FCCE5E4C91A}.Release|x86.ActiveCfg = Release|x86
		{7BFCBECF-3DA8-442F-B43C-E7A349D490D6}.Debug|Any CPU.ActiveCfg = Debug|Win32
		{7BFCBECF-3DA8-442F-B43C-E7A349D490D6}.Debug|ARM.ActiveCfg = Debug|ARM
		{7BFCBECF-3DA8-442F-B43C-E7A349D490D6}.Debug|ARM64.ActiveCfg = Debug|ARM64
		{7BFCBECF-3DA8-442F-B43C-E7A349D490D6}.Debug|x64.ActiveCfg = Debug|x64
		{7BFCBECF-3DA8-442F-B43C-E7A349D490D6}.Debug|x64.Build.0 = Debug|x64
		{7BFCBECF-3DA8-442F-B43C-E7A349D490D6}.Debug|x86.ActiveCfg = Debug|Win32
		{7BFCBECF-3DA8-442F-B43C-E7A349D490D6}.Release|Any CPU.ActiveCfg = Release|Win32
		{7BFCBECF-3DA8-442F-B43C-E7A349D490D6}.Release|ARM.ActiveCfg = Release|ARM
		{7BFCBECF-3DA8-442F-B43C-E7A349D490D6}.Release|ARM64.ActiveCfg = Release|ARM64
		{7BFCBECF-3DA8-442F-B43C-E7A349D490D6}.Release|ARM64.Build.0 = Release|ARM64
		{7BFCBECF-3DA8-442F-B43C-E7A349D490D6}.Release|x64.ActiveCfg = Release|x64
		{7BFCBECF-3DA8-442F-B43C-E7A349D490D6}.Release|x64.Build.0 = Release|x64
		{7BFCBECF-3DA8-442F-B43C-E7A349D490D6}.Release|x86.ActiveCfg = Release|Win32
	EndGlobalSection
	GlobalSection(SolutionProperties) = preSolution
		HideSolutionNode = FALSE
	EndGlobalSection
	GlobalSection(ExtensibilityGlobals) = postSolution
		SolutionGuid = {1CBEEAE2-D963-465A-A538-A30F8D615037}
	EndGlobalSection
EndGlobal
